
Microsoft Visual Studio Solution File, Format Version 12.00
# Visual Studio Version 16
VisualStudioVersion = 16.0.31410.357
MinimumVisualStudioVersion = 10.0.40219.1
Project("{FAE04EC0-301F-11D3-BF4B-00C04F79EFBC}") = "Mastermind", "Mastermind.csproj", "{35055E66-AD4F-470A-856D-CFE3111BDAE2}"
EndProject
Global
	GlobalSection(SolutionConfigurationPlatforms) = preSolution
		Debug|Any CPU = Debug|Any CPU
		Release|Any CPU = Release|Any CPU
	EndGlobalSection
	GlobalSection(ProjectConfigurationPlatforms) = postSolution
		{35055E66-AD4F-470A-856D-CFE3111BDAE2}.Debug|Any CPU.ActiveCfg = Debug|Any CPU
		{35055E66-AD4F-470A-856D-CFE3111BDAE2}.Debug|Any CPU.Build.0 = Debug|Any CPU
		{35055E66-AD4F-470A-856D-CFE3111BDAE2}.Release|Any CPU.ActiveCfg = Release|Any CPU
		{35055E66-AD4F-470A-856D-CFE3111BDAE2}.Release|Any CPU.Build.0 = Release|Any CPU
	EndGlobalSection
	GlobalSection(SolutionProperties) = preSolution
		HideSolutionNode = FALSE
	EndGlobalSection
	GlobalSection(ExtensibilityGlobals) = postSolution
		SolutionGuid = {D4428D89-2A73-49F2-B004-14645224F09E}
	EndGlobalSection
EndGlobal
